
Microsoft Visual Studio Solution File, Format Version 12.00
# Visual Studio 2013
VisualStudioVersion = 12.0.31101.0
MinimumVisualStudioVersion = 10.0.40219.1
Project("{FAE04EC0-301F-11D3-BF4B-00C04F79EFBC}") = "ThreatModellingGame.Core", "ThreatModellingGame.Core\ThreatModellingGame.Core.csproj", "{51B54D04-DA40-41D9-B42E-4B435D77799F}"
EndProject
Project("{FAE04EC0-301F-11D3-BF4B-00C04F79EFBC}") = "ThreatModellingGame.Web", "ThreatModellingGame.Web\ThreatModellingGame.Web.csproj", "{9BC186F1-A297-4A8B-9230-D84D1A38A99D}"
EndProject
Project("{2150E333-8FDC-42A3-9474-1A3956D46DE8}") = "About", "About", "{45FB20D2-FADF-408E-AEEE-7547FB8672EB}"
	ProjectSection(SolutionItems) = preProject
		README.md = README.md
	EndProjectSection
EndProject
Global
	GlobalSection(SolutionConfigurationPlatforms) = preSolution
		Debug|Any CPU = Debug|Any CPU
		Release|Any CPU = Release|Any CPU
	EndGlobalSection
	GlobalSection(ProjectConfigurationPlatforms) = postSolution
		{51B54D04-DA40-41D9-B42E-4B435D77799F}.Debug|Any CPU.ActiveCfg = Debug|Any CPU
		{51B54D04-DA40-41D9-B42E-4B435D77799F}.Debug|Any CPU.Build.0 = Debug|Any CPU
		{51B54D04-DA40-41D9-B42E-4B435D77799F}.Release|Any CPU.ActiveCfg = Release|Any CPU
		{51B54D04-DA40-41D9-B42E-4B435D77799F}.Release|Any CPU.Build.0 = Release|Any CPU
		{9BC186F1-A297-4A8B-9230-D84D1A38A99D}.Debug|Any CPU.ActiveCfg = Debug|Any CPU
		{9BC186F1-A297-4A8B-9230-D84D1A38A99D}.Debug|Any CPU.Build.0 = Debug|Any CPU
		{9BC186F1-A297-4A8B-9230-D84D1A38A99D}.Release|Any CPU.ActiveCfg = Release|Any CPU
		{9BC186F1-A297-4A8B-9230-D84D1A38A99D}.Release|Any CPU.Build.0 = Release|Any CPU
	EndGlobalSection
	GlobalSection(SolutionProperties) = preSolution
		HideSolutionNode = FALSE
	EndGlobalSection
EndGlobal
